
Microsoft Visual Studio Solution File, Format Version 12.00
# Visual Studio 2013
VisualStudioVersion = 12.0.31101.0
MinimumVisualStudioVersion = 10.0.40219.1
Project("{FAE04EC0-301F-11D3-BF4B-00C04F79EFBC}") = "iOS", "iOS\iOS.csproj", "{FB42F506-E6CC-4D81-A590-ED74B55ED213}"
EndProject
Global
	GlobalSection(SolutionConfigurationPlatforms) = preSolution
		Ad-Hoc|iPhone = Ad-Hoc|iPhone
		Ad-Hoc|iPhoneSimulator = Ad-Hoc|iPhoneSimulator
		AppStore|iPhone = AppStore|iPhone
		AppStore|iPhoneSimulator = AppStore|iPhoneSimulator
		Debug|iPhone = Debug|iPhone
		Debug|iPhoneSimulator = Debug|iPhoneSimulator
		Release|iPhone = Release|iPhone
		Release|iPhoneSimulator = Release|iPhoneSimulator
	EndGlobalSection
	GlobalSection(ProjectConfigurationPlatforms) = postSolution
		{FB42F506-E6CC-4D81-A590-ED74B55ED213}.Ad-Hoc|iPhone.ActiveCfg = Ad-Hoc|iPhone
		{FB42F506-E6CC-4D81-A590-ED74B55ED213}.Ad-Hoc|iPhone.Build.0 = Ad-Hoc|iPhone
		{FB42F506-E6CC-4D81-A590-ED74B55ED213}.Ad-Hoc|iPhoneSimulator.ActiveCfg = Ad-Hoc|iPhoneSimulator
		{FB42F506-E6CC-4D81-A590-ED74B55ED213}.Ad-Hoc|iPhoneSimulator.Build.0 = Ad-Hoc|iPhoneSimulator
		{FB42F506-E6CC-4D81-A590-ED74B55ED213}.AppStore|iPhone.ActiveCfg = AppStore|iPhone
		{FB42F506-E6CC-4D81-A590-ED74B55ED213}.AppStore|iPhone.Build.0 = AppStore|iPhone
		{FB42F506-E6CC-4D81-A590-ED74B55ED213}.AppStore|iPhoneSimulator.ActiveCfg = AppStore|iPhoneSimulator
		{FB42F506-E6CC-4D81-A590-ED74B55ED213}.AppStore|iPhoneSimulator.Build.0 = AppStore|iPhoneSimulator
		{FB42F506-E6CC-4D81-A590-ED74B55ED213}.Debug|iPhone.ActiveCfg = Debug|iPhone
		{FB42F506-E6CC-4D81-A590-ED74B55ED213}.Debug|iPhone.Build.0 = Debug|iPhone
		{FB42F506-E6CC-4D81-A590-ED74B55ED213}.Debug|iPhoneSimulator.ActiveCfg = Debug|iPhoneSimulator
		{FB42F506-E6CC-4D81-A590-ED74B55ED213}.Debug|iPhoneSimulator.Build.0 = Debug|iPhoneSimulator
		{FB42F506-E6CC-4D81-A590-ED74B55ED213}.Release|iPhone.ActiveCfg = Release|iPhone
		{FB42F506-E6CC-4D81-A590-ED74B55ED213}.Release|iPhone.Build.0 = Release|iPhone
		{FB42F506-E6CC-4D81-A590-ED74B55ED213}.Release|iPhoneSimulator.ActiveCfg = Release|iPhoneSimulator
		{FB42F506-E6CC-4D81-A590-ED74B55ED213}.Release|iPhoneSimulator.Build.0 = Release|iPhoneSimulator
	EndGlobalSection
	GlobalSection(SolutionProperties) = preSolution
		HideSolutionNode = FALSE
	EndGlobalSection
EndGlobal
